
Microsoft Visual Studio Solution File, Format Version 12.00
# Visual Studio Version 17
VisualStudioVersion = 17.9.34728.123
MinimumVisualStudioVersion = 10.0.40219.1
Project("{FAE04EC0-301F-11D3-BF4B-00C04F79EFBC}") = "infotoolsFinal", "infotoolsFinal\infotoolsFinal.csproj", "{C1382DFF-19B3-4D48-97F9-69407EC7EF79}"
EndProject
Global
	GlobalSection(SolutionConfigurationPlatforms) = preSolution
		Debug|Any CPU = Debug|Any CPU
		Release|Any CPU = Release|Any CPU
	EndGlobalSection
	GlobalSection(ProjectConfigurationPlatforms) = postSolution
		{C1382DFF-19B3-4D48-97F9-69407EC7EF79}.Debug|Any CPU.ActiveCfg = Debug|Any CPU
		{C1382DFF-19B3-4D48-97F9-69407EC7EF79}.Debug|Any CPU.Build.0 = Debug|Any CPU
		{C1382DFF-19B3-4D48-97F9-69407EC7EF79}.Debug|Any CPU.Deploy.0 = Debug|Any CPU
		{C1382DFF-19B3-4D48-97F9-69407EC7EF79}.Release|Any CPU.ActiveCfg = Release|Any CPU
		{C1382DFF-19B3-4D48-97F9-69407EC7EF79}.Release|Any CPU.Build.0 = Release|Any CPU
		{C1382DFF-19B3-4D48-97F9-69407EC7EF79}.Release|Any CPU.Deploy.0 = Release|Any CPU
	EndGlobalSection
	GlobalSection(SolutionProperties) = preSolution
		HideSolutionNode = FALSE
	EndGlobalSection
	GlobalSection(ExtensibilityGlobals) = postSolution
		SolutionGuid = {90E5E9FE-C918-46C1-86B0-1389647C7988}
	EndGlobalSection
EndGlobal
